<?xml version="1.0" encoding="utf-8"?>
<Project ToolsVersion="4.0" xmlns="http://schemas.microsoft.com/developer/msbuild/2003">
  <ItemGroup>
    <Filter Include="소스 파일">
      <UniqueIdentifier>{4FC737F1-C7A5-4376-A066-2A32D752A2FF}</UniqueIdentifier>
      <Extensions>cpp;c;cc;cxx;def;odl;idl;hpj;bat;asm;asmx</Extensions>
    </Filter>
    <Filter Include="헤더 파일">
      <UniqueIdentifier>{93995380-89BD-4b04-88EB-625FBE52EBFB}</UniqueIdentifier>
      <Extensions>h;hh;hpp;hxx;hm;inl;inc;ipp;xsd</Extensions>
    </Filter>
    <Filter Include="리소스 파일">
      <UniqueIdentifier>{67DA6AB6-F800-4c08-8B7A-83BB121AAD01}</UniqueIdentifier>
      <Extensions>rc;ico;cur;bmp;dlg;rc2;rct;bin;rgs;gif;jpg;jpeg;jpe;resx;tiff;tif;png;wav;mfcribbon-ms</Extensions>
    </Filter>
    <Filter Include="Helper">
      <UniqueIdentifier>{69315f3d-7e0e-4fd2-bf29-456fe10cd029}</UniqueIdentifier>
    </Filter>
    <Filter Include="HLSL">
      <UniqueIdentifier>{18ab7b57-a754-4a00-85ba-0ea4465c6062}</UniqueIdentifier>
    </Filter>
    <Filter Include="DirectXTK">
      <UniqueIdentifier>{a4832f81-5086-4239-9352-eb5a52baf5d0}</UniqueIdentifier>
    </Filter>
    <Filter Include="Game">
      <UniqueIdentifier>{33d74aa6-fb20-40e7-b37d-5195664cb2a5}</UniqueIdentifier>
    </Filter>
  </ItemGroup>
  <ItemGroup>
    <ClCompile Include="main.cpp">
      <Filter>소스 파일</Filter>
    </ClCompile>
    <ClCompile Include="Helper\CDirectX.cpp">
      <Filter>Helper</Filter>
    </ClCompile>
    <ClCompile Include="Helper\CObject2D.cpp">
      <Filter>Helper</Filter>
    </ClCompile>
    <ClCompile Include="Helper\CShader.cpp">
      <Filter>Helper</Filter>
    </ClCompile>
    <ClCompile Include="Game\CEntity.cpp">
      <Filter>Game</Filter>
    </ClCompile>
    <ClCompile Include="Game\CEntityPool.cpp">
      <Filter>Game</Filter>
    </ClCompile>
    <ClCompile Include="Helper\CTexture.cpp">
      <Filter>Helper</Filter>
    </ClCompile>
    <ClCompile Include="Helper\CConstantBuffer.cpp">
      <Filter>Helper</Filter>
    </ClCompile>
    <ClCompile Include="Helper\CTexturePool.cpp">
      <Filter>Helper</Filter>
    </ClCompile>
    <ClCompile Include="Helper\CASCIIRenderer.cpp">
      <Filter>Helper</Filter>
    </ClCompile>
    <ClCompile Include="Game\CNeonInvader.cpp">
      <Filter>Game</Filter>
    </ClCompile>
    <ClCompile Include="Game\CStageLoader.cpp">
      <Filter>Game</Filter>
    </ClCompile>
  </ItemGroup>
  <ItemGroup>
    <ClInclude Include="Helper\CDirectX.h">
      <Filter>Helper</Filter>
    </ClInclude>
    <ClInclude Include="Helper\CObject2D.h">
      <Filter>Helper</Filter>
    </ClInclude>
    <ClInclude Include="Helper\CommonHeader.h">
      <Filter>Helper</Filter>
    </ClInclude>
    <ClInclude Include="Helper\CShader.h">
      <Filter>Helper</Filter>
    </ClInclude>
    <ClInclude Include="Game\CEntity.h">
      <Filter>Game</Filter>
    </ClInclude>
    <ClInclude Include="Game\CEntityPool.h">
      <Filter>Game</Filter>
    </ClInclude>
    <ClInclude Include="Helper\CTexture.h">
      <Filter>Helper</Filter>
    </ClInclude>
    <ClInclude Include="Helper\CConstantBuffer.h">
      <Filter>Helper</Filter>
    </ClInclude>
    <ClInclude Include="DirectXTK\Audio.h">
      <Filter>DirectXTK</Filter>
    </ClInclude>
    <ClInclude Include="DirectXTK\CommonStates.h">
      <Filter>DirectXTK</Filter>
    </ClInclude>
    <ClInclude Include="DirectXTK\DDSTextureLoader.h">
      <Filter>DirectXTK</Filter>
    </ClInclude>
    <ClInclude Include="DirectXTK\DirectXHelpers.h">
      <Filter>DirectXTK</Filter>
    </ClInclude>
    <ClInclude Include="DirectXTK\Effects.h">
      <Filter>DirectXTK</Filter>
    </ClInclude>
    <ClInclude Include="DirectXTK\GamePad.h">
      <Filter>DirectXTK</Filter>
    </ClInclude>
    <ClInclude Include="DirectXTK\GeometricPrimitive.h">
      <Filter>DirectXTK</Filter>
    </ClInclude>
    <ClInclude Include="DirectXTK\GraphicsMemory.h">
      <Filter>DirectXTK</Filter>
    </ClInclude>
    <ClInclude Include="DirectXTK\Keyboard.h">
      <Filter>DirectXTK</Filter>
    </ClInclude>
    <ClInclude Include="DirectXTK\Model.h">
      <Filter>DirectXTK</Filter>
    </ClInclude>
    <ClInclude Include="DirectXTK\Mouse.h">
      <Filter>DirectXTK</Filter>
    </ClInclude>
    <ClInclude Include="DirectXTK\pch.h">
      <Filter>DirectXTK</Filter>
    </ClInclude>
    <ClInclude Include="DirectXTK\PostProcess.h">
      <Filter>DirectXTK</Filter>
    </ClInclude>
    <ClInclude Include="DirectXTK\PrimitiveBatch.h">
      <Filter>DirectXTK</Filter>
    </ClInclude>
    <ClInclude Include="DirectXTK\ScreenGrab.h">
      <Filter>DirectXTK</Filter>
    </ClInclude>
    <ClInclude Include="DirectXTK\SimpleMath.h">
      <Filter>DirectXTK</Filter>
    </ClInclude>
    <ClInclude Include="DirectXTK\SpriteBatch.h">
      <Filter>DirectXTK</Filter>
    </ClInclude>
    <ClInclude Include="DirectXTK\SpriteFont.h">
      <Filter>DirectXTK</Filter>
    </ClInclude>
    <ClInclude Include="DirectXTK\VertexTypes.h">
      <Filter>DirectXTK</Filter>
    </ClInclude>
    <ClInclude Include="DirectXTK\WICTextureLoader.h">
      <Filter>DirectXTK</Filter>
    </ClInclude>
    <ClInclude Include="DirectXTK\XboxDDSTextureLoader.h">
      <Filter>DirectXTK</Filter>
    </ClInclude>
    <ClInclude Include="Helper\CTexturePool.h">
      <Filter>헤더 파일</Filter>
    </ClInclude>
    <ClInclude Include="Helper\CASCIIRenderer.h">
      <Filter>Helper</Filter>
    </ClInclude>
    <ClInclude Include="Game\CNeonInvader.h">
      <Filter>Game</Filter>
    </ClInclude>
    <ClInclude Include="Game\CStageLoader.h">
      <Filter>Game</Filter>
    </ClInclude>
  </ItemGroup>
  <ItemGroup>
    <FxCompile Include="HLSL\PixelShader.hlsl">
      <Filter>HLSL</Filter>
    </FxCompile>
    <FxCompile Include="HLSL\VertexShader.hlsl">
      <Filter>HLSL</Filter>
    </FxCompile>
  </ItemGroup>
  <ItemGroup>
    <None Include="HLSL\Header.hlsli">
      <Filter>HLSL</Filter>
    </None>
    <None Include="DirectXTK\SimpleMath.inl">
      <Filter>DirectXTK</Filter>
    </None>
  </ItemGroup>
  <ItemGroup>
    <Library Include="DirectXTK\DirectXTK.lib">
      <Filter>DirectXTK</Filter>
    </Library>
  </ItemGroup>
</Project>