
Microsoft Visual Studio Solution File, Format Version 12.00
# Visual Studio Version 16
VisualStudioVersion = 16.0.29102.190
MinimumVisualStudioVersion = 10.0.40219.1
Project("{8BC9CEB8-8B4A-11D0-8D11-00A0C91BC942}") = "NeonInvader", "NeonInvader.vcxproj", "{72503EE7-BC7B-43B0-B341-8A64DC420E74}"
EndProject
Global
	GlobalSection(SolutionConfigurationPlatforms) = preSolution
		Debug|x64 = Debug|x64
		Debug|x86 = Debug|x86
		Release|x64 = Release|x64
		Release|x86 = Release|x86
	EndGlobalSection
	GlobalSection(ProjectConfigurationPlatforms) = postSolution
		{72503EE7-BC7B-43B0-B341-8A64DC420E74}.Debug|x64.ActiveCfg = Debug|x64
		{72503EE7-BC7B-43B0-B341-8A64DC420E74}.Debug|x64.Build.0 = Debug|x64
		{72503EE7-BC7B-43B0-B341-8A64DC420E74}.Debug|x86.ActiveCfg = Debug|Win32
		{72503EE7-BC7B-43B0-B341-8A64DC420E74}.Debug|x86.Build.0 = Debug|Win32
		{72503EE7-BC7B-43B0-B341-8A64DC420E74}.Release|x64.ActiveCfg = Release|x64
		{72503EE7-BC7B-43B0-B341-8A64DC420E74}.Release|x64.Build.0 = Release|x64
		{72503EE7-BC7B-43B0-B341-8A64DC420E74}.Release|x86.ActiveCfg = Release|Win32
		{72503EE7-BC7B-43B0-B341-8A64DC420E74}.Release|x86.Build.0 = Release|Win32
	EndGlobalSection
	GlobalSection(SolutionProperties) = preSolution
		HideSolutionNode = FALSE
	EndGlobalSection
	GlobalSection(ExtensibilityGlobals) = postSolution
		SolutionGuid = {E6C0327C-B04C-4C7D-8C11-90E9C8232841}
	EndGlobalSection
EndGlobal
